PODS:
  - PhoneKit (0.0.5)

DEPENDENCIES:
  - PhoneKit (from `https://github.com/salah-mohammed/PhoneKit.git`)

EXTERNAL SOURCES:
  PhoneKit:
    :git: https://github.com/salah-mohammed/PhoneKit.git

CHECKOUT OPTIONS:
  PhoneKit:
    :commit: 54bf4e33924f16ae6d1f94c385ee5dba6ed49884
    :git: https://github.com/salah-mohammed/PhoneKit.git

SPEC CHECKSUMS:
  PhoneKit: 63213b934a537aa521e5a984efb036558f530f22

PODFILE CHECKSUM: 09f543f08858d1683014c4fa0e97d7cfac47c110

COCOAPODS: 1.10.0
