PODS:
  - PhoneKit (0.0.3)

DEPENDENCIES:
  - PhoneKit (from `https://github.com/salah-mohammed/PhoneKit.git`)

EXTERNAL SOURCES:
  PhoneKit:
    :git: https://github.com/salah-mohammed/PhoneKit.git

CHECKOUT OPTIONS:
  PhoneKit:
    :commit: 108a8f5164f17d8233be1365d6ec9a56d3590162
    :git: https://github.com/salah-mohammed/PhoneKit.git

SPEC CHECKSUMS:
  PhoneKit: e31587509144a9cd7a7f777de2cf12144e152713

PODFILE CHECKSUM: 09f543f08858d1683014c4fa0e97d7cfac47c110

COCOAPODS: 1.10.0
