PODS:
  - PhoneKit (0.0.2)

DEPENDENCIES:
  - PhoneKit (from `https://github.com/salah-mohammed/PhoneKit.git`)

EXTERNAL SOURCES:
  PhoneKit:
    :git: https://github.com/salah-mohammed/PhoneKit.git

CHECKOUT OPTIONS:
  PhoneKit:
    :commit: dcc21c472c34e8925c3bab2d262dda57349970f7
    :git: https://github.com/salah-mohammed/PhoneKit.git

SPEC CHECKSUMS:
  PhoneKit: 56a20fa07b90355b469fadf071f2ed9ae7183e5a

PODFILE CHECKSUM: 09f543f08858d1683014c4fa0e97d7cfac47c110

COCOAPODS: 1.9.1
